{
  "version": 4,
  "terraform_version": "1.14.2",
  "serial": 55,
  "lineage": "cd7a9547-42c1-e879-b468-c8453c565d99",
  "outputs": {
    "artifact_registry_url": {
      "value": "rust-api-registry",
      "type": "string"
    },
    "database_connection_name": {
      "value": "tamago-research:us-east1:rust-api-db",
      "type": "string"
    },
    "database_instance_name": {
      "value": "rust-api-db",
      "type": "string"
    },
    "database_public_ip": {
      "value": "",
      "type": "string"
    },
    "service_url": {
      "value": "https://rust-api-sample-l7xnw4qq5q-ue.a.run.app",
      "type": "string"
    }
  },
  "resources": [
    {
      "mode": "managed",
      "type": "google_artifact_registry_repository",
      "name": "docker_repo",
      "provider": "provider[\"registry.terraform.io/hashicorp/google\"]",
      "instances": [
        {
          "schema_version": 0,
          "attributes": {
            "cleanup_policies": [],
            "cleanup_policy_dry_run": false,
            "create_time": "2025-12-15T18:55:41.843347Z",
            "description": "Docker repository for Rust API",
            "docker_config": [
              {
                "immutable_tags": false
              }
            ],
            "effective_labels": {},
            "format": "DOCKER",
            "id": "projects/tamago-research/locations/us-east1/repositories/rust-api-registry",
            "kms_key_name": "",
            "labels": {},
            "location": "us-east1",
            "maven_config": [],
            "mode": "STANDARD_REPOSITORY",
            "name": "rust-api-registry",
            "project": "tamago-research",
            "remote_repository_config": [],
            "repository_id": "rust-api-registry",
            "terraform_labels": {},
            "timeouts": null,
            "update_time": "2025-12-15T18:58:58.132893Z",
            "virtual_repository_config": []
          },
          "sensitive_attributes": [],
          "identity_schema_version": 0,
          "private": "eyJlMmJmYjczMC1lY2FhLTExZTYtOGY4OC0zNDM2M2JjN2M0YzAiOnsiY3JlYXRlIjoxMjAwMDAwMDAwMDAwLCJkZWxldGUiOjEyMDAwMDAwMDAwMDAsInVwZGF0ZSI6MTIwMDAwMDAwMDAwMH19"
        }
      ]
    },
    {
      "mode": "managed",
      "type": "google_cloud_run_service",
      "name": "rust_api_service",
      "provider": "provider[\"registry.terraform.io/hashicorp/google\"]",
      "instances": [
        {
          "schema_version": 2,
          "attributes": {
            "autogenerate_revision_name": false,
            "id": "locations/us-east1/namespaces/tamago-research/services/rust-api-sample",
            "location": "us-east1",
            "metadata": [
              {
                "annotations": {},
                "effective_annotations": {
                  "run.googleapis.com/ingress": "all",
                  "run.googleapis.com/ingress-status": "all",
                  "run.googleapis.com/maxScale": "100",
                  "run.googleapis.com/operation-id": "d538780b-dc82-49a4-937a-aa201e737634",
                  "run.googleapis.com/urls": "[\"https://rust-api-sample-111413435038.us-east1.run.app\",\"https://rust-api-sample-l7xnw4qq5q-ue.a.run.app\"]",
                  "serving.knative.dev/creator": "rogerio.biondi@discover.com.br",
                  "serving.knative.dev/lastModifier": "rogerio.biondi@discover.com.br"
                },
                "effective_labels": {
                  "cloud.googleapis.com/location": "us-east1"
                },
                "generation": 1,
                "labels": {},
                "namespace": "tamago-research",
                "resource_version": "AAZGAuLY908",
                "self_link": "/apis/serving.knative.dev/v1/namespaces/111413435038/services/rust-api-sample",
                "terraform_labels": {},
                "uid": "e4ec9277-0599-488c-87de-350e1315e6b6"
              }
            ],
            "name": "rust-api-sample",
            "project": "tamago-research",
            "status": [
              {
                "conditions": [
                  {
                    "message": "",
                    "reason": "",
                    "status": "True",
                    "type": "Ready"
                  },
                  {
                    "message": "",
                    "reason": "",
                    "status": "True",
                    "type": "ConfigurationsReady"
                  },
                  {
                    "message": "",
                    "reason": "",
                    "status": "True",
                    "type": "RoutesReady"
                  }
                ],
                "latest_created_revision_name": "rust-api-sample-00001-7dh",
                "latest_ready_revision_name": "rust-api-sample-00001-7dh",
                "observed_generation": 1,
                "traffic": [
                  {
                    "latest_revision": true,
                    "percent": 100,
                    "revision_name": "rust-api-sample-00001-7dh",
                    "tag": "",
                    "url": ""
                  }
                ],
                "url": "https://rust-api-sample-l7xnw4qq5q-ue.a.run.app"
              }
            ],
            "template": [
              {
                "metadata": [
                  {
                    "annotations": {
                      "autoscaling.knative.dev/maxScale": "10",
                      "autoscaling.knative.dev/minScale": "0"
                    },
                    "generation": 0,
                    "labels": {
                      "run.googleapis.com/startupProbeType": "Default"
                    },
                    "name": "",
                    "namespace": "",
                    "resource_version": "",
                    "self_link": "",
                    "uid": ""
                  }
                ],
                "spec": [
                  {
                    "container_concurrency": 10,
                    "containers": [
                      {
                        "args": [],
                        "command": [],
                        "env": [
                          {
                            "name": "DATABASE_URL",
                            "value": "postgresql://postgres:iaLwc5E]lsn]9p}N@tamago-research:us-east1:rust-api-db/postgres?host=/cloudsql/tamago-research:us-east1:rust-api-db",
                            "value_from": []
                          }
                        ],
                        "env_from": [],
                        "image": "gcr.io/google-samples/hello-app:1.0",
                        "liveness_probe": [],
                        "name": "",
                        "ports": [
                          {
                            "container_port": 8080,
                            "name": "http1",
                            "protocol": ""
                          }
                        ],
                        "resources": [
                          {
                            "limits": {
                              "cpu": "1000m",
                              "memory": "512Mi"
                            },
                            "requests": {}
                          }
                        ],
                        "startup_probe": [
                          {
                            "failure_threshold": 1,
                            "grpc": [],
                            "http_get": [],
                            "initial_delay_seconds": 0,
                            "period_seconds": 240,
                            "tcp_socket": [
                              {
                                "port": 8080
                              }
                            ],
                            "timeout_seconds": 240
                          }
                        ],
                        "volume_mounts": [],
                        "working_dir": ""
                      }
                    ],
                    "service_account_name": "111413435038-compute@developer.gserviceaccount.com",
                    "serving_state": "",
                    "timeout_seconds": 300,
                    "volumes": []
                  }
                ]
              }
            ],
            "timeouts": null,
            "traffic": [
              {
                "latest_revision": true,
                "percent": 100,
                "revision_name": "",
                "tag": "",
                "url": ""
              }
            ]
          },
          "sensitive_attributes": [
            [
              {
                "type": "get_attr",
                "value": "template"
              },
              {
                "type": "index",
                "value": {
                  "value": 0,
                  "type": "number"
                }
              },
              {
                "type": "get_attr",
                "value": "spec"
              },
              {
                "type": "index",
                "value": {
                  "value": 0,
                  "type": "number"
                }
              },
              {
                "type": "get_attr",
                "value": "containers"
              },
              {
                "type": "index",
                "value": {
                  "value": 0,
                  "type": "number"
                }
              },
              {
                "type": "get_attr",
                "value": "env"
              }
            ]
          ],
          "identity_schema_version": 0,
          "private": "eyJlMmJmYjczMC1lY2FhLTExZTYtOGY4OC0zNDM2M2JjN2M0YzAiOnsiY3JlYXRlIjoxMjAwMDAwMDAwMDAwLCJkZWxldGUiOjEyMDAwMDAwMDAwMDAsInVwZGF0ZSI6MTIwMDAwMDAwMDAwMH0sInNjaGVtYV92ZXJzaW9uIjoiMiJ9",
          "dependencies": [
            "google_sql_database_instance.postgres_instance",
            "random_password.db_password"
          ]
        }
      ]
    },
    {
      "mode": "managed",
      "type": "google_project_iam_member",
      "name": "cloudbuild_artifact_registry",
      "provider": "provider[\"registry.terraform.io/hashicorp/google\"]",
      "instances": [
        {
          "schema_version": 0,
          "attributes": {
            "condition": [],
            "etag": "BwZGAp5PLVw=",
            "id": "tamago-research/roles/artifactregistry.writer/serviceAccount:cloudbuild-sa@tamago-research.iam.gserviceaccount.com",
            "member": "serviceAccount:cloudbuild-sa@tamago-research.iam.gserviceaccount.com",
            "project": "tamago-research",
            "role": "roles/artifactregistry.writer"
          },
          "sensitive_attributes": [],
          "identity_schema_version": 0,
          "private": "bnVsbA==",
          "dependencies": [
            "google_service_account.cloudbuild_sa"
          ]
        }
      ]
    },
    {
      "mode": "managed",
      "type": "google_project_iam_member",
      "name": "cloudbuild_run_admin",
      "provider": "provider[\"registry.terraform.io/hashicorp/google\"]",
      "instances": [
        {
          "schema_version": 0,
          "attributes": {
            "condition": [],
            "etag": "BwZGAp5PLVw=",
            "id": "tamago-research/roles/run.admin/serviceAccount:cloudbuild-sa@tamago-research.iam.gserviceaccount.com",
            "member": "serviceAccount:cloudbuild-sa@tamago-research.iam.gserviceaccount.com",
            "project": "tamago-research",
            "role": "roles/run.admin"
          },
          "sensitive_attributes": [],
          "identity_schema_version": 0,
          "private": "bnVsbA==",
          "dependencies": [
            "google_service_account.cloudbuild_sa"
          ]
        }
      ]
    },
    {
      "mode": "managed",
      "type": "google_project_iam_member",
      "name": "cloudrun_sql_client",
      "provider": "provider[\"registry.terraform.io/hashicorp/google\"]",
      "instances": [
        {
          "schema_version": 0,
          "attributes": {
            "condition": [],
            "etag": "BwZGAp5PLVw=",
            "id": "tamago-research/roles/cloudsql.client/serviceAccount:cloudbuild-sa@tamago-research.iam.gserviceaccount.com",
            "member": "serviceAccount:cloudbuild-sa@tamago-research.iam.gserviceaccount.com",
            "project": "tamago-research",
            "role": "roles/cloudsql.client"
          },
          "sensitive_attributes": [],
          "identity_schema_version": 0,
          "private": "bnVsbA==",
          "dependencies": [
            "google_service_account.cloudbuild_sa"
          ]
        }
      ]
    },
    {
      "mode": "managed",
      "type": "google_project_service",
      "name": "vpcaccess",
      "provider": "provider[\"registry.terraform.io/hashicorp/google\"]",
      "instances": [
        {
          "schema_version": 0,
          "attributes": {
            "disable_dependent_services": null,
            "disable_on_destroy": true,
            "id": "tamago-research/vpcaccess.googleapis.com",
            "project": "tamago-research",
            "service": "vpcaccess.googleapis.com",
            "timeouts": null
          },
          "sensitive_attributes": [],
          "identity_schema_version": 0,
          "private": "eyJlMmJmYjczMC1lY2FhLTExZTYtOGY4OC0zNDM2M2JjN2M0YzAiOnsiY3JlYXRlIjoxMjAwMDAwMDAwMDAwLCJkZWxldGUiOjEyMDAwMDAwMDAwMDAsInJlYWQiOjYwMDAwMDAwMDAwMCwidXBkYXRlIjoxMjAwMDAwMDAwMDAwfX0="
        }
      ]
    },
    {
      "mode": "managed",
      "type": "google_service_account",
      "name": "cloudbuild_sa",
      "provider": "provider[\"registry.terraform.io/hashicorp/google\"]",
      "instances": [
        {
          "schema_version": 0,
          "attributes": {
            "account_id": "cloudbuild-sa",
            "create_ignore_already_exists": null,
            "description": "",
            "disabled": false,
            "display_name": "Cloud Build Service Account",
            "email": "cloudbuild-sa@tamago-research.iam.gserviceaccount.com",
            "id": "projects/tamago-research/serviceAccounts/cloudbuild-sa@tamago-research.iam.gserviceaccount.com",
            "member": "serviceAccount:cloudbuild-sa@tamago-research.iam.gserviceaccount.com",
            "name": "projects/tamago-research/serviceAccounts/cloudbuild-sa@tamago-research.iam.gserviceaccount.com",
            "project": "tamago-research",
            "timeouts": null,
            "unique_id": "116810677631095916356"
          },
          "sensitive_attributes": [],
          "identity_schema_version": 0,
          "private": "eyJlMmJmYjczMC1lY2FhLTExZTYtOGY4OC0zNDM2M2JjN2M0YzAiOnsiY3JlYXRlIjozMDAwMDAwMDAwMDB9fQ=="
        }
      ]
    },
    {
      "mode": "managed",
      "type": "google_sql_database_instance",
      "name": "postgres_instance",
      "provider": "provider[\"registry.terraform.io/hashicorp/google\"]",
      "instances": [
        {
          "schema_version": 0,
          "attributes": {
            "available_maintenance_versions": [],
            "clone": [],
            "connection_name": "tamago-research:us-east1:rust-api-db",
            "database_version": "POSTGRES_14",
            "deletion_protection": false,
            "dns_name": "a1b12bb3d058.2mkxq19nb2rbw.us-east1.sql.goog.",
            "encryption_key_name": null,
            "first_ip_address": null,
            "id": "rust-api-db",
            "instance_type": "CLOUD_SQL_INSTANCE",
            "ip_address": [],
            "maintenance_version": "POSTGRES_14_20.R20251004.01_26",
            "master_instance_name": "",
            "name": "rust-api-db",
            "private_ip_address": "",
            "project": "tamago-research",
            "psc_service_attachment_link": "projects/a3c127de1f089693cp-tp/regions/us-east1/serviceAttachments/a-a1b12bb3d058-psc-service-attachment-85c11b8d28c5c201",
            "public_ip_address": "",
            "region": "us-east1",
            "replica_configuration": [],
            "restore_backup_context": [],
            "root_password": null,
            "self_link": "https://sqladmin.googleapis.com/sql/v1beta4/projects/tamago-research/instances/rust-api-db",
            "server_ca_cert": [
              {
                "cert": "-----BEGIN CERTIFICATE-----\nMIIDfzCCAmegAwIBAgIBADANBgkqhkiG9w0BAQsFADB3MS0wKwYDVQQuEyQyOWE2\nZWZhYS1iMTMwLTRiMTAtOGNhYy1mZjA4ZDYzNzQyZDAxIzAhBgNVBAMTGkdvb2ds\nZSBDbG91ZCBTUUwgU2VydmVyIENBMRQwEgYDVQQKEwtHb29nbGUsIEluYzELMAkG\nA1UEBhMCVVMwHhcNMjUxMjE1MTkzNTAyWhcNMzUxMjEzMTkzNjAyWjB3MS0wKwYD\nVQQuEyQyOWE2ZWZhYS1iMTMwLTRiMTAtOGNhYy1mZjA4ZDYzNzQyZDAxIzAhBgNV\nBAMTGkdvb2dsZSBDbG91ZCBTUUwgU2VydmVyIENBMRQwEgYDVQQKEwtHb29nbGUs\nIEluYzELMAkGA1UEBhMCVVMwggEiMA0GCSqGSIb3DQEBAQUAA4IBDwAwggEKAoIB\nAQCHh0PmPq1nDnWLqVTRIVOC/0okJKRqbCBzBXypZ1h8du/pzt05c38o6Xr4ZmVI\nN4Vq6+SUKNoNi50qhapjqNdfZ05B8UXm//2dEUl+6Jc31ZNNDgpdmiUtIazCRKFr\nKwTNyx3NTTGP3G+/VDOYCVllhNcVB8/PV3fkXub5dck7pdfOsMG65nyzXebDmBr2\nY3MHiFa/yWwQqBhQ8pIYKM/8V8LzV88nzDuDUeiDInjUZKVCuRS8vn5yF6N6sPlf\nAfpeo5/A6ERk2OdJxvlqMgHheXpjftGQITxteVwrTfMZFAZS6cKUybtjx4P45q2N\nNd7PrdYDbdLrZ/nXJDAt5T5fAgMBAAGjFjAUMBIGA1UdEwEB/wQIMAYBAf8CAQAw\nDQYJKoZIhvcNAQELBQADggEBAC/6eNDZY9irUV5JXz03zGsZnwNcyUmaPQ5tU9rx\nTZ9LfcFusjQ/BJ7RrLnx9ef7HID9eLKSBnbZJg/UtxS6fQ/gsxKqOLdYix2mEKHb\nl+lZWz6IBBfe/Rz6uyqxt+LMXNsD2I4l39bUWd8uIq5LyUA1+S1fLs72qE5vxGdC\nmIrGhbAu+2CQerN8lWEOFF0ZQfzqthoTV+alRjVKGtYH095AwcYANpu4j5J4Uhoc\nIedi6gWoDTD9uN4JbRwYskHUGKhwO2gksb2I9pMOIU7zDph83m0eRi5k/Op+pLlI\ntukZ4cVA9boWav1/cYOjVmUgoppTdylTb86Qzk5QgrH3W6s=\n-----END CERTIFICATE-----",
                "common_name": "C=US,O=Google\\, Inc,CN=Google Cloud SQL Server CA,dnQualifier=29a6efaa-b130-4b10-8cac-ff08d63742d0",
                "create_time": "2025-12-15T19:35:02.104Z",
                "expiration_time": "2035-12-13T19:36:02.104Z",
                "sha1_fingerprint": "1d95e99fcf239d552a4ebaa7942c7c58326b2466"
              }
            ],
            "service_account_email_address": "p111413435038-rdc22d@gcp-sa-cloud-sql.iam.gserviceaccount.com",
            "settings": [
              {
                "activation_policy": "ALWAYS",
                "active_directory_config": [],
                "advanced_machine_features": [],
                "availability_type": "ZONAL",
                "backup_configuration": [
                  {
                    "backup_retention_settings": [
                      {
                        "retained_backups": 7,
                        "retention_unit": "COUNT"
                      }
                    ],
                    "binary_log_enabled": false,
                    "enabled": false,
                    "location": "",
                    "point_in_time_recovery_enabled": false,
                    "start_time": "22:00",
                    "transaction_log_retention_days": 7
                  }
                ],
                "collation": "",
                "connector_enforcement": "NOT_REQUIRED",
                "data_cache_config": [],
                "database_flags": [],
                "deletion_protection_enabled": false,
                "deny_maintenance_period": [],
                "disk_autoresize": true,
                "disk_autoresize_limit": 0,
                "disk_size": 10,
                "disk_type": "PD_SSD",
                "edition": "ENTERPRISE",
                "enable_dataplex_integration": false,
                "enable_google_ml_integration": false,
                "insights_config": [],
                "ip_configuration": [
                  {
                    "allocated_ip_range": "",
                    "authorized_networks": [],
                    "enable_private_path_for_google_cloud_services": true,
                    "ipv4_enabled": false,
                    "private_network": "",
                    "psc_config": [
                      {
                        "allowed_consumer_projects": [
                          "tamago-research"
                        ],
                        "psc_enabled": true
                      }
                    ],
                    "require_ssl": false,
                    "server_ca_mode": "GOOGLE_MANAGED_INTERNAL_CA",
                    "ssl_mode": "ALLOW_UNENCRYPTED_AND_ENCRYPTED"
                  }
                ],
                "location_preference": [
                  {
                    "follow_gae_application": "",
                    "secondary_zone": "",
                    "zone": "us-east1-c"
                  }
                ],
                "maintenance_window": [],
                "password_validation_policy": [],
                "pricing_plan": "PER_USE",
                "sql_server_audit_config": [],
                "tier": "db-f1-micro",
                "time_zone": "",
                "user_labels": {},
                "version": 1
              }
            ],
            "timeouts": null
          },
          "sensitive_attributes": [
            [
              {
                "type": "get_attr",
                "value": "root_password"
              }
            ],
            [
              {
                "type": "get_attr",
                "value": "server_ca_cert"
              }
            ]
          ],
          "identity_schema_version": 0,
          "private": "eyJlMmJmYjczMC1lY2FhLTExZTYtOGY4OC0zNDM2M2JjN2M0YzAiOnsiY3JlYXRlIjo1NDAwMDAwMDAwMDAwLCJkZWxldGUiOjU0MDAwMDAwMDAwMDAsInVwZGF0ZSI6NTQwMDAwMDAwMDAwMH19"
        }
      ]
    },
    {
      "mode": "managed",
      "type": "google_sql_user",
      "name": "postgres_user",
      "provider": "provider[\"registry.terraform.io/hashicorp/google\"]",
      "instances": [
        {
          "schema_version": 1,
          "attributes": {
            "deletion_policy": null,
            "host": "",
            "id": "postgres//rust-api-db",
            "instance": "rust-api-db",
            "name": "postgres",
            "password": "iaLwc5E]lsn]9p}N",
            "password_policy": [],
            "project": "tamago-research",
            "sql_server_user_details": [],
            "timeouts": null,
            "type": ""
          },
          "sensitive_attributes": [
            [
              {
                "type": "get_attr",
                "value": "password"
              }
            ]
          ],
          "identity_schema_version": 0,
          "private": "eyJlMmJmYjczMC1lY2FhLTExZTYtOGY4OC0zNDM2M2JjN2M0YzAiOnsiY3JlYXRlIjo2MDAwMDAwMDAwMDAsImRlbGV0ZSI6NjAwMDAwMDAwMDAwLCJ1cGRhdGUiOjYwMDAwMDAwMDAwMH0sInNjaGVtYV92ZXJzaW9uIjoiMSJ9",
          "dependencies": [
            "google_sql_database_instance.postgres_instance",
            "random_password.db_password"
          ]
        }
      ]
    },
    {
      "mode": "managed",
      "type": "google_storage_bucket",
      "name": "cloudbuild_files",
      "provider": "provider[\"registry.terraform.io/hashicorp/google\"]",
      "instances": [
        {
          "schema_version": 2,
          "attributes": {
            "autoclass": [],
            "cors": [],
            "custom_placement_config": [],
            "default_event_based_hold": false,
            "effective_labels": {},
            "enable_object_retention": false,
            "encryption": [],
            "force_destroy": false,
            "id": "tamago-research-cloudbuild-files",
            "labels": {},
            "lifecycle_rule": [
              {
                "action": [
                  {
                    "storage_class": "",
                    "type": "Delete"
                  }
                ],
                "condition": [
                  {
                    "age": 1,
                    "created_before": "",
                    "custom_time_before": "",
                    "days_since_custom_time": 0,
                    "days_since_noncurrent_time": 0,
                    "matches_prefix": [],
                    "matches_storage_class": [],
                    "matches_suffix": [],
                    "no_age": false,
                    "noncurrent_time_before": "",
                    "num_newer_versions": 0,
                    "send_age_if_zero": true,
                    "send_days_since_custom_time_if_zero": false,
                    "send_days_since_noncurrent_time_if_zero": false,
                    "send_num_newer_versions_if_zero": false,
                    "with_state": "ANY"
                  }
                ]
              }
            ],
            "location": "US-EAST1",
            "logging": [],
            "name": "tamago-research-cloudbuild-files",
            "project": "tamago-research",
            "project_number": 111413435038,
            "public_access_prevention": "inherited",
            "requester_pays": false,
            "retention_policy": [],
            "rpo": null,
            "self_link": "https://www.googleapis.com/storage/v1/b/tamago-research-cloudbuild-files",
            "soft_delete_policy": [
              {
                "effective_time": "2025-12-15T18:55:41.108Z",
                "retention_duration_seconds": 604800
              }
            ],
            "storage_class": "STANDARD",
            "terraform_labels": {},
            "timeouts": null,
            "uniform_bucket_level_access": true,
            "url": "gs://tamago-research-cloudbuild-files",
            "versioning": [],
            "website": []
          },
          "sensitive_attributes": [],
          "identity_schema_version": 0,
          "private": "eyJlMmJmYjczMC1lY2FhLTExZTYtOGY4OC0zNDM2M2JjN2M0YzAiOnsiY3JlYXRlIjo2MDAwMDAwMDAwMDAsInJlYWQiOjI0MDAwMDAwMDAwMCwidXBkYXRlIjoyNDAwMDAwMDAwMDB9LCJzY2hlbWFfdmVyc2lvbiI6IjIifQ=="
        }
      ]
    },
    {
      "mode": "managed",
      "type": "google_storage_bucket_object",
      "name": "cloudbuild_yaml",
      "provider": "provider[\"registry.terraform.io/hashicorp/google\"]",
      "instances": [
        {
          "schema_version": 0,
          "attributes": {
            "bucket": "tamago-research-cloudbuild-files",
            "cache_control": "",
            "content": "steps:\n  # Build da imagem Docker\n  - name: 'gcr.io/cloud-builders/docker'\n    args: ['build', '-t', 'us-east1-docker.pkg.dev/tamago-research/rust-api-registry/rust-api:latest', '.']\n  \n  # Push da imagem para Artifact Registry\n  - name: 'gcr.io/cloud-builders/docker'\n    args: ['push', 'us-east1-docker.pkg.dev/tamago-research/rust-api-registry/rust-api:latest']\n  \n  # Deploy para Cloud Run\n  - name: 'gcr.io/google.com/cloudsdktool/cloud-sdk'\n    entrypoint: 'gcloud'\n    args:\n    - 'run'\n    - 'deploy'\n    - 'rust-api-sample'\n    - '--image=us-east1-docker.pkg.dev/tamago-research/rust-api-registry/rust-api:latest'\n    - '--region=us-east1'\n    - '--allow-unauthenticated'\n    - '--port=3000'\n    - '--memory=512Mi'\n    - '--cpu=1'\n    - '--max-instances=10'\n    - '--min-instances=0'\n\nsubstitutions:\n  _SERVICE_NAME: rust-api-sample\n  _REGISTRY_REGION: us-east1\n  _PROJECT_ID: tamago-research\n\nimages:\n  - 'us-east1-docker.pkg.dev/tamago-research/rust-api-registry/rust-api:latest'\n",
            "content_disposition": "",
            "content_encoding": "",
            "content_language": "",
            "content_type": "text/plain; charset=utf-8",
            "crc32c": "kxir+w==",
            "customer_encryption": [],
            "detect_md5hash": "LGUXdYapCD8Zi0NmbkVDdQ==",
            "event_based_hold": false,
            "generation": 1765824942411330,
            "id": "tamago-research-cloudbuild-files-cloudbuild.yaml",
            "kms_key_name": "",
            "md5hash": "LGUXdYapCD8Zi0NmbkVDdQ==",
            "media_link": "https://storage.googleapis.com/download/storage/v1/b/tamago-research-cloudbuild-files/o/cloudbuild.yaml?generation=1765824942411330\u0026alt=media",
            "metadata": {},
            "name": "cloudbuild.yaml",
            "output_name": "cloudbuild.yaml",
            "retention": [],
            "self_link": "https://www.googleapis.com/storage/v1/b/tamago-research-cloudbuild-files/o/cloudbuild.yaml",
            "source": null,
            "storage_class": "STANDARD",
            "temporary_hold": false,
            "timeouts": null
          },
          "sensitive_attributes": [
            [
              {
                "type": "get_attr",
                "value": "content"
              }
            ]
          ],
          "identity_schema_version": 0,
          "private": "eyJlMmJmYjczMC1lY2FhLTExZTYtOGY4OC0zNDM2M2JjN2M0YzAiOnsiY3JlYXRlIjoyNDAwMDAwMDAwMDAsImRlbGV0ZSI6MjQwMDAwMDAwMDAwLCJ1cGRhdGUiOjI0MDAwMDAwMDAwMH19",
          "dependencies": [
            "google_storage_bucket.cloudbuild_files"
          ]
        }
      ]
    },
    {
      "mode": "managed",
      "type": "random_password",
      "name": "db_password",
      "provider": "provider[\"registry.terraform.io/hashicorp/random\"]",
      "instances": [
        {
          "schema_version": 3,
          "attributes": {
            "bcrypt_hash": "$2a$10$RZtZ/ArXg4IsQJz6cnrsW.xv7h6DS2rOsfhj9tZMWQjopK.GhfVGm",
            "id": "none",
            "keepers": null,
            "length": 16,
            "lower": true,
            "min_lower": 0,
            "min_numeric": 0,
            "min_special": 0,
            "min_upper": 0,
            "number": true,
            "numeric": true,
            "override_special": null,
            "result": "iaLwc5E]lsn]9p}N",
            "special": true,
            "upper": true
          },
          "sensitive_attributes": [
            [
              {
                "type": "get_attr",
                "value": "bcrypt_hash"
              }
            ],
            [
              {
                "type": "get_attr",
                "value": "result"
              }
            ]
          ],
          "identity_schema_version": 0
        }
      ]
    }
  ],
  "check_results": null
}
